
Microsoft Visual Studio Solution File, Format Version 12.00
# Visual Studio Version 16
VisualStudioVersion = 16.0.29519.181
MinimumVisualStudioVersion = 10.0.40219.1
Project("{FAE04EC0-301F-11D3-BF4B-00C04F79EFBC}") = "Anagram", "Anagram.csproj", "{81BA0006-4459-461D-B197-C51D4F89F70A}"
EndProject
Global
	GlobalSection(SolutionConfigurationPlatforms) = preSolution
		Debug|Any CPU = Debug|Any CPU
		Release|Any CPU = Release|Any CPU
	EndGlobalSection
	GlobalSection(ProjectConfigurationPlatforms) = postSolution
		{81BA0006-4459-461D-B197-C51D4F89F70A}.Debug|Any CPU.ActiveCfg = Debug|Any CPU
		{81BA0006-4459-461D-B197-C51D4F89F70A}.Debug|Any CPU.Build.0 = Debug|Any CPU
		{81BA0006-4459-461D-B197-C51D4F89F70A}.Release|Any CPU.ActiveCfg = Release|Any CPU
		{81BA0006-4459-461D-B197-C51D4F89F70A}.Release|Any CPU.Build.0 = Release|Any CPU
	EndGlobalSection
	GlobalSection(SolutionProperties) = preSolution
		HideSolutionNode = FALSE
	EndGlobalSection
	GlobalSection(ExtensibilityGlobals) = postSolution
		SolutionGuid = {640FBFE2-14A5-4930-944B-A4331E308A54}
	EndGlobalSection
EndGlobal
